
Microsoft Visual Studio Solution File, Format Version 12.00
# Visual Studio Version 17
VisualStudioVersion = 17.9.34728.123
MinimumVisualStudioVersion = 10.0.40219.1
Project("{2150E333-8FDC-42A3-9474-1A3956D46DE8}") = "src", "src", "{B5FDC930-6117-40EF-A043-1DA883FF3922}"
EndProject
Project("{2150E333-8FDC-42A3-9474-1A3956D46DE8}") = "test", "test", "{FA027418-2E95-481D-BA25-4B4E3A45B2E8}"
EndProject
Project("{9A19103F-16F7-4668-BE54-9A1E7A4F7556}") = "EfCore.WebApi", "src\EfCore.WebApi\EfCore.WebApi.csproj", "{0F5603DC-6C5E-43BC-BA7A-76D6E215318F}"
EndProject
Project("{9A19103F-16F7-4668-BE54-9A1E7A4F7556}") = "EfCore.Data", "src\EfCore.Data\EfCore.Data.csproj", "{AEF62E1B-8EC4-43AF-9A98-55EAC87F0F20}"
EndProject
Project("{FAE04EC0-301F-11D3-BF4B-00C04F79EFBC}") = "EfCore.Common", "src\EfCore.Common\EfCore.Common\EfCore.Common.csproj", "{DD6AFEFA-B045-452E-B15B-16B8CCA65921}"
EndProject
Global
	GlobalSection(SolutionConfigurationPlatforms) = preSolution
		Debug|Any CPU = Debug|Any CPU
		Release|Any CPU = Release|Any CPU
	EndGlobalSection
	GlobalSection(ProjectConfigurationPlatforms) = postSolution
		{0F5603DC-6C5E-43BC-BA7A-76D6E215318F}.Debug|Any CPU.ActiveCfg = Debug|Any CPU
		{0F5603DC-6C5E-43BC-BA7A-76D6E215318F}.Debug|Any CPU.Build.0 = Debug|Any CPU
		{0F5603DC-6C5E-43BC-BA7A-76D6E215318F}.Release|Any CPU.ActiveCfg = Release|Any CPU
		{0F5603DC-6C5E-43BC-BA7A-76D6E215318F}.Release|Any CPU.Build.0 = Release|Any CPU
		{AEF62E1B-8EC4-43AF-9A98-55EAC87F0F20}.Debug|Any CPU.ActiveCfg = Debug|Any CPU
		{AEF62E1B-8EC4-43AF-9A98-55EAC87F0F20}.Debug|Any CPU.Build.0 = Debug|Any CPU
		{AEF62E1B-8EC4-43AF-9A98-55EAC87F0F20}.Release|Any CPU.ActiveCfg = Release|Any CPU
		{AEF62E1B-8EC4-43AF-9A98-55EAC87F0F20}.Release|Any CPU.Build.0 = Release|Any CPU
		{DD6AFEFA-B045-452E-B15B-16B8CCA65921}.Debug|Any CPU.ActiveCfg = Debug|Any CPU
		{DD6AFEFA-B045-452E-B15B-16B8CCA65921}.Debug|Any CPU.Build.0 = Debug|Any CPU
		{DD6AFEFA-B045-452E-B15B-16B8CCA65921}.Release|Any CPU.ActiveCfg = Release|Any CPU
		{DD6AFEFA-B045-452E-B15B-16B8CCA65921}.Release|Any CPU.Build.0 = Release|Any CPU
	EndGlobalSection
	GlobalSection(SolutionProperties) = preSolution
		HideSolutionNode = FALSE
	EndGlobalSection
	GlobalSection(NestedProjects) = preSolution
		{0F5603DC-6C5E-43BC-BA7A-76D6E215318F} = {B5FDC930-6117-40EF-A043-1DA883FF3922}
		{AEF62E1B-8EC4-43AF-9A98-55EAC87F0F20} = {B5FDC930-6117-40EF-A043-1DA883FF3922}
	EndGlobalSection
	GlobalSection(ExtensibilityGlobals) = postSolution
		SolutionGuid = {744F6D7F-60AF-4B23-A81E-2C76FAF3566B}
	EndGlobalSection
EndGlobal
